github.com/haochen1204/go_hack v0.0.0-20220916151519-60abfd4f224d h1:bO/Ib2eWzD+r4s10NVwaoNuO33fLAUuGL7CUXVVWjwk=
github.com/haochen1204/go_hack v0.0.0-20220916151519-60abfd4f224d/go.mod h1:GxP1DuuRhAjhxn/hZXQIYqGhaPGpbstwq/cWlGSoDYo=
github.com/haochen1204/go_hack v1.0.1 h1:QqqL+vX8V3qCWpujyTlGqQm3edpe1m0Y3lAY+k77+sU=
github.com/haochen1204/go_hack v1.0.1/go.mod h1:GxP1DuuRhAjhxn/hZXQIYqGhaPGpbstwq/cWlGSoDYo=
github.com/haochen1204/go_hack v1.0.2 h1:m1jgGPCXUU6lF0r5/Q1oC4a86Xnpch5LT2XtGuwMx6I=
github.com/haochen1204/go_hack v1.0.2/go.mod h1:GxP1DuuRhAjhxn/hZXQIYqGhaPGpbstwq/cWlGSoDYo=
github.com/haochen1204/go_hack v1.0.3 h1:DJ9QGeI9Yzk/sNGvgJx6W4kBA8/J+D/ODn/cICT+OAc=
github.com/haochen1204/go_hack v1.0.3/go.mod h1:GxP1DuuRhAjhxn/hZXQIYqGhaPGpbstwq/cWlGSoDYo=
github.com/haochen1204/go_hack v1.0.4 h1:QBxXt+u/kR7G9hp2klUuIe7slurtf6rdk/mnNhZtHjU=
github.com/haochen1204/go_hack v1.0.4/go.mod h1:GxP1DuuRhAjhxn/hZXQIYqGhaPGpbstwq/cWlGSoDYo=
