github.com/blackhat-go/bhg v0.0.0-20220427195045-d136887b7205 h1:krIf6tbqHtJTzL/Q9O6ju9e8lLAuhXQ9Gt/UjwXlX4w=
github.com/blackhat-go/bhg v0.0.0-20220427195045-d136887b7205/go.mod h1:a42vHEya65PkqV3t+1Q0BLcL8QzkYaMPkK/duoDFV4c=
golang.org/x/crypto v0.4.0 h1:UVQgzMY87xqpKNgb+kDsll2Igd33HszWHFLmpaRMq/8=
golang.org/x/crypto v0.4.0/go.mod h1:3quD/ATkf6oY+rnes5c3ExXTbLc8mueNue5/DoinL80=
